{
    "lockfile_version": "1.0",
    "created_at": "2025-08-24T16:32:10.477497-04:00",
    "invocation": {
        "command": "tb",
        "args": [
            "run",
            "--agent",
            "codex",
            "--dataset-path",
            "./tasks/usaco",
            "--model-name",
            "openai/o4-mini"
        ]
    },
    "harness": {
        "package": "terminal-bench",
        "version": "0.2.17",
        "is_editable_installation": true
    },
    "agent": {
        "name": "codex",
        "import_path": "terminal_bench.agents.installed_agents.codex.codex_agent:CodexAgent",
        "model_name": "openai/o4-mini",
        "extra_kwargs": {
            "no_rebuild": false,
            "model_name": "openai/o4-mini"
        }
    },
    "run_config": {
        "log_level": "info",
        "livestream": false,
        "n_concurrent_trials": 4,
        "n_attempts": 1,
        "no_rebuild": false,
        "cleanup": false,
        "global_timeout_multiplier": 1.0,
        "global_agent_timeout_sec": null,
        "global_test_timeout_sec": null
    },
    "dataset": {
        "name": null,
        "version": null,
        "local_path": "/Users/junhonglin/LLM/terminal-bench/tasks/usaco",
        "task_ids": [
            "922",
            "763",
            "189",
            "1112",
            "126",
            "99",
            "93",
            "644",
            "1108",
            "433",
            "940",
            "1277",
            "1142",
            "263",
            "834",
            "87",
            "639",
            "347",
            "1301",
            "365",
            "1011",
            "924",
            "896",
            "137",
            "243",
            "247",
            "1259",
            "811",
            "1327",
            "280",
            "1016",
            "866",
            "988",
            "89",
            "1035",
            "1208",
            "1275",
            "861",
            "764",
            "1064",
            "103",
            "432",
            "1328",
            "967",
            "192",
            "362",
            "1012",
            "791",
            "1088",
            "1262",
            "1255",
            "1136",
            "925",
            "736",
            "643",
            "379",
            "939",
            "1014",
            "1183",
            "788",
            "786",
            "919",
            "840",
            "123",
            "188",
            "361",
            "127",
            "1230",
            "415",
            "809",
            "835",
            "1085",
            "228",
            "785",
            "787",
            "114",
            "1115",
            "737",
            "117",
            "735",
            "1156",
            "1132",
            "187",
            "545",
            "1137",
            "767",
            "813",
            "244",
            "98",
            "808",
            "267",
            "839",
            "1138",
            "278",
            "206",
            "549",
            "963",
            "1232",
            "92",
            "431",
            "989",
            "1131",
            "381",
            "941",
            "647",
            "1069",
            "430",
            "1326",
            "1018",
            "1038",
            "1229",
            "242",
            "1063",
            "942",
            "101",
            "1206",
            "436",
            "1325",
            "1015",
            "84",
            "1157",
            "413",
            "1276",
            "550",
            "1209",
            "794",
            "1299",
            "1090",
            "966",
            "1021",
            "1182",
            "860",
            "1040",
            "341",
            "340",
            "241",
            "120",
            "1180",
            "1060",
            "133",
            "283",
            "1039",
            "121",
            "1062",
            "136",
            "1037",
            "969",
            "130",
            "106",
            "783",
            "193",
            "894",
            "641",
            "249",
            "91",
            "863",
            "944",
            "831",
            "857",
            "209",
            "997",
            "917",
            "1114",
            "1179",
            "376",
            "864",
            "1013",
            "190",
            "260",
            "1113",
            "1155",
            "1212",
            "1281",
            "107",
            "810",
            "434",
            "897",
            "893",
            "118",
            "125",
            "837",
            "90",
            "1203",
            "759",
            "262",
            "377",
            "398",
            "1303",
            "194",
            "112",
            "741",
            "223",
            "987",
            "96",
            "94",
            "108",
            "1083",
            "397",
            "86",
            "1164",
            "210",
            "205",
            "856",
            "281",
            "229",
            "1278",
            "818",
            "812",
            "1257",
            "546",
            "1205",
            "1181",
            "1086",
            "1139",
            "1059",
            "892",
            "226",
            "248",
            "855",
            "225",
            "246",
            "945",
            "1260",
            "1161",
            "395",
            "891",
            "991",
            "358",
            "345",
            "832",
            "865",
            "343",
            "964",
            "344",
            "833",
            "111",
            "1302",
            "950",
            "784",
            "640",
            "400",
            "380",
            "916",
            "412",
            "1109",
            "990",
            "646",
            "396",
            "230",
            "132",
            "898",
            "548",
            "342",
            "1300",
            "359",
            "1228",
            "1111",
            "738",
            "115",
            "1160",
            "1017",
            "1204",
            "993",
            "1330",
            "918",
            "1251",
            "104",
            "105",
            "815",
            "394",
            "739",
            "1133",
            "789",
            "760",
            "1087",
            "1231",
            "766",
            "1068",
            "360",
            "1067",
            "642",
            "761",
            "378",
            "128",
            "191",
            "401",
            "417",
            "1227",
            "762",
            "259",
            "915",
            "1333",
            "88",
            "346",
            "547",
            "131",
            "261",
            "1279",
            "553",
            "1036",
            "862",
            "965",
            "947",
            "648"
        ],
        "registry_url": null,
        "local_registry_path": null
    },
    "local_config": {
        "output_path": "runs",
        "run_id": "2025-08-24__16-32-09",
        "upload_results": false
    }
}