{
    "lockfile_version": "1.0",
    "created_at": "2025-09-09T00:56:52.532472+00:00",
    "invocation": {
        "command": "tb",
        "args": [
            "run",
            "--dataset-path",
            "../terminal-bench-datasets/datasets/researchbench",
            "--agent",
            "oracle",
            "--n-attempts",
            "1",
            "--n-concurrent",
            "8",
            "--global-agent-timeout-sec",
            "3600",
            "--global-test-timeout-sec",
            "3600",
            "--cleanup"
        ]
    },
    "harness": {
        "package": "terminal-bench",
        "version": "0.2.17",
        "is_editable_installation": false
    },
    "agent": {
        "name": "oracle",
        "import_path": "terminal_bench.agents.oracle_agent:OracleAgent",
        "model_name": "Oracle",
        "extra_kwargs": {
            "no_rebuild": false
        }
    },
    "run_config": {
        "log_level": "info",
        "livestream": false,
        "n_concurrent_trials": 8,
        "n_attempts": 1,
        "no_rebuild": false,
        "cleanup": true,
        "global_timeout_multiplier": 1.0,
        "global_agent_timeout_sec": 3600.0,
        "global_test_timeout_sec": 3600.0
    },
    "dataset": {
        "name": null,
        "version": null,
        "local_path": "/home/ec2-user/steven/TerminalBench/terminal-bench/../terminal-bench-datasets/datasets/researchbench",
        "task_ids": [
            "abacus__ewald_force_comparison",
            "bayes_cal__hot_temp",
            "bayes_cal__cold_hot_tandem",
            "fable_mps__compare_mps_nofb2dmo",
            "disk_ridges__peak_mean_vz_all",
            "hubble_trails__satellite_chance_pre2020_uvis",
            "disk_ridges__gaia_dr2_all",
            "ls_cal__nwp",
            "phangs_pahs__best_fitting_slopes",
            "fable_mps__generate_grafic_cubes",
            "astm3__photometry_classification_accuracy_with_clip",
            "tng_hod__lrg_hod_measurement_and_fitting",
            "ls_cal__antenna_temp",
            "gw_nsbh__mass_gap",
            "galaxy_soptics__nyu_vagc_processing",
            "lensing_dr6_growth__params",
            "tng_hod__elg_selection_count",
            "galaxy_manifold__manifold_plane",
            "gw_nsbh__mtov_spin_2",
            "gw_cosmo__modified_gravity",
            "eht_resolve__eht_ring_orientation_angle",
            "tng_hod__lrg_clustering_secondary_bias_ratio",
            "trgb_std_candle__gaia_synthetic_i_trgb",
            "astm3__photometry_classification_accuracy_no_clip",
            "eht_resolve__eht_ring_width",
            "tng_hod__elg_satellite_fraction",
            "eht_resolve__eht_ring_size",
            "muse_outflows__voronoi_binning_for_emission_lines_j080427",
            "gw_nsbh__load_data",
            "trgb_std_candle__med_color_amp",
            "gw_nsbh__spin_constraint",
            "muse_outflows__outflow_energetics",
            "fable_mps__halo_filtered_grafic_fiducial",
            "ver_waves__gaia_breathing_typical",
            "galaxy_soptics__bcg_identification",
            "fable_mps__compute_mps",
            "mars_clouds__dbscan_test",
            "ls_cal__cold_sparam",
            "phangs_pahs__feature_pca",
            "galaxy_soptics__fof_optimization_sdss",
            "astm3__spectral_similarity_search",
            "bayes_cal__load_cal",
            "gw_cosmo__measure_combo",
            "galaxy_manifold__transformation_matrix",
            "galaxy_soptics__clustering_hyperparameter_optimization",
            "tng_hod__lrg_satellite_fraction",
            "trgb_std_candle__aseq_bseq_trgb",
            "hubble_trails__satellite_chance_pre2020_acis",
            "muse_outflows__dust_reddening",
            "gw_nsbh__default_mbh",
            "trgb_std_candle__fit_aseq_bseq",
            "eht_resolve__eht_reconstruction",
            "astm3__spectra_classification_accuracy_limited_data_10_percent",
            "gw_cosmo__dark_energy",
            "astm3__modality_importance_rot_class_accuracy",
            "phangs_pahs__feature_pca_corr_coeffs",
            "hubble_trails__satellite_fractions",
            "ls_cal__cab_temp",
            "galaxy_manifold__morphological_classification",
            "phangs_pahs__identify_agn_hosts",
            "fable_mps__halo_mps_ratio2dmo_fiducial",
            "galaxy_manifold__gas_mass_estimation",
            "gw_nsbh__equal_mass_slope",
            "ver_waves__gaia_rv_sample_size",
            "ver_waves__sun_height_corrected",
            "gw_cosmo__h0_scaling",
            "disk_ridges__ridge_slope",
            "tng_hod__lrg_central_velocity_bias",
            "hubble_trails__satellite_chance_post2020_uvis",
            "disk_ridges__ridges_in_all",
            "galaxy_manifold__svd_analysis",
            "gw_nsbh__mass_gap_constraint",
            "ver_waves__solar_height_from_gaia_dr2",
            "disk_ridges__gaia_dr2_rvs",
            "fable_mps__compute_mps_nofb",
            "abacus__lcdm_total_force_accuracy",
            "muse_outflows__narrow_and_broad_line_decomposition_for_j080427",
            "lensing_dr6_growth__alens",
            "muse_outflows__electron_density",
            "gw_nsbh__mtov_spin",
            "fable_mps__compare_mps_fiducial2dmo",
            "galaxy_soptics__soptics_implementation",
            "galaxy_manifold__data_preparation",
            "astm3__multimodal_classification_clip",
            "ls_cal__hot_temp",
            "tng_hod__lrg_selection_count",
            "tng_hod__elg_hod_measurement_and_fitting",
            "galaxy_soptics__soptics_validation_shi",
            "galaxy_soptics__shi_catalog_acquisition",
            "bayes_cal__evidence",
            "bayes_cal__nwp_set",
            "gw_nsbh__default_mtov",
            "galaxy_manifold__physical_properties",
            "abacus__lattice_force_error",
            "phangs_pahs__relation_break_down",
            "astm3__cross_modal_photometry_to_spectra_search",
            "mars_clouds__dbscan_optimization",
            "fable_mps__compute_mps_dmo",
            "hubble_trails__satellite_chance_post2020_acis",
            "hubble_trails__satellite_fractions_increase",
            "bayes_cal__cold_temp",
            "galaxy_soptics__millennium_data_extraction",
            "galaxy_manifold__property_prediction",
            "abacus__ewald_force_accuracy",
            "galaxy_manifold__manifold_recovery",
            "galaxy_manifold__evolution_tracks"
        ],
        "registry_url": null,
        "local_registry_path": null
    },
    "local_config": {
        "output_path": "runs",
        "run_id": "2025-09-09__00-56-52",
        "upload_results": false
    }
}