{
    "lockfile_version": "1.0",
    "created_at": "2025-08-27T01:32:18.272671+00:00",
    "invocation": {
        "command": "evaluate.py",
        "args": [
            "--n-concurrent-tasks",
            "16"
        ]
    },
    "harness": {
        "package": "terminal-bench",
        "version": "0.2.17",
        "is_editable_installation": false
    },
    "agent": {
        "name": "ob1-agent",
        "import_path": "ob1_agent:TerminalBenchAgent",
        "model_name": "ob1-sdk",
        "extra_kwargs": {}
    },
    "run_config": {
        "log_level": "info",
        "livestream": false,
        "n_concurrent_trials": 16,
        "n_attempts": 1,
        "no_rebuild": false,
        "cleanup": true,
        "global_timeout_multiplier": 1.0,
        "global_agent_timeout_sec": 1800.0,
        "global_test_timeout_sec": 600.0
    },
    "dataset": {
        "name": "terminal-bench-core",
        "version": "0.1.1",
        "local_path": null,
        "task_ids": [
            "super-benchmark-upet",
            "build-linux-kernel-qemu",
            "play-zork",
            "eval-mteb.hard",
            "eval-mteb",
            "conda-env-conflict-resolution",
            "swe-bench-astropy-2",
            "swe-bench-astropy-1",
            "swe-bench-fsspec",
            "run-pdp11-code",
            "blind-maze-explorer-algorithm.easy",
            "blind-maze-explorer-5x5",
            "blind-maze-explorer-algorithm.hard",
            "blind-maze-explorer-algorithm",
            "train-fasttext",
            "incompatible-python-fasttext",
            "incompatible-python-fasttext.base_with_hint",
            "grid-pattern-transform",
            "qemu-startup",
            "count-dataset-tokens",
            "qemu-alpine-ssh",
            "download-youtube",
            "git-multibranch",
            "cron-broken-network",
            "pytorch-model-cli.hard",
            "pytorch-model-cli",
            "pytorch-model-cli.easy",
            "jupyter-notebook-server",
            "security-vulhub-minio",
            "processing-pipeline",
            "get-bitcoin-nodes",
            "extract-moves-from-video",
            "write-compressor",
            "organization-json-generator",
            "sanitize-git-repo.hard",
            "cartpole-rl-training",
            "git-workflow-hack",
            "crack-7z-hash.hard",
            "polyglot-c-py",
            "fibonacci-server",
            "hf-model-inference",
            "fix-permissions",
            "new-encrypt-command",
            "configure-git-webserver",
            "simple-sheets-put",
            "password-recovery",
            "swe-bench-langcodes",
            "polyglot-rust-c",
            "raman-fitting.easy",
            "path-tracing-reverse",
            "simple-web-scraper",
            "crack-7z-hash.easy",
            "tmux-advanced-workflow",
            "hello-world",
            "path-tracing",
            "build-initramfs-qemu",
            "sqlite-with-gcov",
            "openssl-selfsigned-cert",
            "sqlite-db-truncate",
            "fix-git",
            "raman-fitting",
            "decommissioning-service-with-sensitive-data",
            "csv-to-parquet",
            "solana-data",
            "crack-7z-hash",
            "sanitize-git-repo",
            "prove-plus-comm",
            "chess-best-move",
            "create-bucket",
            "build-tcc-qemu",
            "heterogeneous-dates",
            "intrusion-detection",
            "oom",
            "modernize-fortran-build",
            "reshard-c4-data",
            "nginx-request-logging",
            "fix-pandas-version",
            "gpt2-codegolf",
            "extract-safely",
            "vim-terminal-task"
        ],
        "registry_url": null,
        "local_registry_path": null
    },
    "local_config": {
        "output_path": "/home/ubuntu/terminal-bench/logs/evaluation-sdk-20250827-013218",
        "run_id": "ob1_agent_sdk_20250827-013218",
        "upload_results": false
    }
}