{
    "lockfile_version": "1.0",
    "created_at": "2026-01-23T16:55:00.888011+01:00",
    "invocation": {
        "command": "tb",
        "args": [
            "run",
            "--dataset",
            "terminal-bench-core==0.1.1",
            "--agent-import-path",
            "benchmark.agentskb_http_terminus:AgentsKBHttpTerminus",
            "--model",
            "anthropic/claude-3-5-haiku-20241022",
            "--task-id",
            "hf-model-inference",
            "--run-id",
            "agentskb-hf-final-10",
            "--n-attempts",
            "10",
            "--n-concurrent",
            "4",
            "--output-path",
            "results/leaderboard/agentskb-hf-final"
        ]
    },
    "harness": {
        "package": "terminal-bench",
        "version": "0.2.18",
        "is_editable_installation": false
    },
    "agent": {
        "name": "agentskb-http-terminus",
        "import_path": "benchmark.agentskb_http_terminus:AgentsKBHttpTerminus",
        "model_name": "anthropic/claude-3-5-haiku-20241022",
        "extra_kwargs": {
            "no_rebuild": false,
            "model_name": "anthropic/claude-3-5-haiku-20241022"
        }
    },
    "run_config": {
        "log_level": "info",
        "livestream": false,
        "n_concurrent_trials": 4,
        "n_attempts": 10,
        "no_rebuild": false,
        "cleanup": true,
        "global_timeout_multiplier": 1.0,
        "global_agent_timeout_sec": null,
        "global_test_timeout_sec": null
    },
    "dataset": {
        "name": "terminal-bench-core",
        "version": "0.1.1",
        "local_path": null,
        "task_ids": [
            "hf-model-inference"
        ],
        "registry_url": null,
        "local_registry_path": null
    },
    "local_config": {
        "output_path": "results/leaderboard/agentskb-hf-final",
        "run_id": "agentskb-hf-final-10",
        "upload_results": false
    }
}