{
    "lockfile_version": "1.0",
    "created_at": "2026-01-23T00:42:32.986185+01:00",
    "invocation": {
        "command": "tb",
        "args": [
            "run",
            "--agent-import-path",
            "benchmark.agentskb_http_terminus:AgentsKBHttpTerminus",
            "--model",
            "anthropic/claude-haiku-4-5-20251001",
            "--task-id",
            "hf-model-inference",
            "--dataset-path",
            "/home/claude/.cache/terminal-bench/terminal-bench-core/0.1.1",
            "--output-path",
            "results/haiku45-benchmark/withkb-3"
        ]
    },
    "harness": {
        "package": "terminal-bench",
        "version": "0.2.18",
        "is_editable_installation": false
    },
    "agent": {
        "name": "agentskb-http-terminus",
        "import_path": "benchmark.agentskb_http_terminus:AgentsKBHttpTerminus",
        "model_name": "anthropic/claude-haiku-4-5-20251001",
        "extra_kwargs": {
            "no_rebuild": false,
            "model_name": "anthropic/claude-haiku-4-5-20251001"
        }
    },
    "run_config": {
        "log_level": "info",
        "livestream": false,
        "n_concurrent_trials": 4,
        "n_attempts": 1,
        "no_rebuild": false,
        "cleanup": true,
        "global_timeout_multiplier": 1.0,
        "global_agent_timeout_sec": null,
        "global_test_timeout_sec": null
    },
    "dataset": {
        "name": null,
        "version": null,
        "local_path": "/home/claude/.cache/terminal-bench/terminal-bench-core/0.1.1",
        "task_ids": [
            "hf-model-inference"
        ],
        "registry_url": null,
        "local_registry_path": null
    },
    "local_config": {
        "output_path": "results/haiku45-benchmark/withkb-3",
        "run_id": "2026-01-23__00-42-32",
        "upload_results": false
    }
}