{
    "lockfile_version": "1.0",
    "created_at": "2025-10-30T23:47:53.303584-04:00",
    "invocation": {
        "command": "terminal-bench",
        "args": [
            "run",
            "--agent-import-path",
            "py.benchmarks.cellcog_agent:CellCogAgent",
            "--dataset",
            "terminal-bench-core==0.1.1",
            "--n-concurrent",
            "10"
        ]
    },
    "harness": {
        "package": "terminal-bench",
        "version": "0.2.18",
        "is_editable_installation": false
    },
    "agent": {
        "name": "cellcog",
        "import_path": "py.benchmarks.cellcog_agent:CellCogAgent",
        "model_name": null,
        "extra_kwargs": {
            "no_rebuild": false
        }
    },
    "run_config": {
        "log_level": "info",
        "livestream": false,
        "n_concurrent_trials": 10,
        "n_attempts": 1,
        "no_rebuild": false,
        "cleanup": true,
        "global_timeout_multiplier": 1.0,
        "global_agent_timeout_sec": null,
        "global_test_timeout_sec": null
    },
    "dataset": {
        "name": "terminal-bench-core",
        "version": "0.1.1",
        "local_path": null,
        "task_ids": [
            "super-benchmark-upet",
            "build-linux-kernel-qemu",
            "play-zork",
            "eval-mteb.hard",
            "eval-mteb",
            "conda-env-conflict-resolution",
            "swe-bench-astropy-2",
            "swe-bench-astropy-1",
            "run-pdp11-code",
            "swe-bench-fsspec",
            "blind-maze-explorer-algorithm.hard",
            "blind-maze-explorer-algorithm",
            "blind-maze-explorer-algorithm.easy",
            "blind-maze-explorer-5x5",
            "incompatible-python-fasttext",
            "incompatible-python-fasttext.base_with_hint",
            "train-fasttext",
            "grid-pattern-transform",
            "qemu-startup",
            "count-dataset-tokens",
            "qemu-alpine-ssh",
            "download-youtube",
            "git-multibranch",
            "pytorch-model-cli.hard",
            "cron-broken-network",
            "pytorch-model-cli.easy",
            "pytorch-model-cli",
            "chess-best-move",
            "hf-model-inference",
            "cartpole-rl-training",
            "solana-data",
            "heterogeneous-dates",
            "security-vulhub-minio",
            "extract-moves-from-video",
            "build-initramfs-qemu",
            "raman-fitting.easy",
            "openssl-selfsigned-cert",
            "intrusion-detection",
            "organization-json-generator",
            "simple-web-scraper",
            "fibonacci-server",
            "polyglot-c-py",
            "sqlite-with-gcov",
            "write-compressor",
            "csv-to-parquet",
            "configure-git-webserver",
            "hello-world",
            "jupyter-notebook-server",
            "decommissioning-service-with-sensitive-data",
            "path-tracing",
            "path-tracing-reverse",
            "sanitize-git-repo.hard",
            "crack-7z-hash",
            "fix-permissions",
            "crack-7z-hash.easy",
            "processing-pipeline",
            "crack-7z-hash.hard",
            "modernize-fortran-build",
            "git-workflow-hack",
            "sqlite-db-truncate",
            "fix-pandas-version",
            "reshard-c4-data",
            "fix-git",
            "password-recovery",
            "raman-fitting",
            "swe-bench-langcodes",
            "gpt2-codegolf",
            "new-encrypt-command",
            "simple-sheets-put",
            "sanitize-git-repo",
            "create-bucket",
            "prove-plus-comm",
            "build-tcc-qemu",
            "nginx-request-logging",
            "oom",
            "polyglot-rust-c",
            "get-bitcoin-nodes",
            "tmux-advanced-workflow",
            "extract-safely",
            "vim-terminal-task"
        ],
        "registry_url": null,
        "local_registry_path": null
    },
    "local_config": {
        "output_path": "runs",
        "run_id": "2025-10-30__23-47-52",
        "upload_results": false
    }
}